
Microsoft Visual Studio Solution File, Format Version 12.00
# Visual Studio Version 17
VisualStudioVersion = 17.5.33516.290
MinimumVisualStudioVersion = 10.0.40219.1
Project("{FAE04EC0-301F-11D3-BF4B-00C04F79EFBC}") = "ATM", "ATM\ATM.csproj", "{12AC0063-C00A-4A33-A64D-FF3B35A322D8}"
EndProject
Global
	GlobalSection(SolutionConfigurationPlatforms) = preSolution
		Debug|Any CPU = Debug|Any CPU
		Release|Any CPU = Release|Any CPU
	EndGlobalSection
	GlobalSection(ProjectConfigurationPlatforms) = postSolution
		{12AC0063-C00A-4A33-A64D-FF3B35A322D8}.Debug|Any CPU.ActiveCfg = Debug|Any CPU
		{12AC0063-C00A-4A33-A64D-FF3B35A322D8}.Debug|Any CPU.Build.0 = Debug|Any CPU
		{12AC0063-C00A-4A33-A64D-FF3B35A322D8}.Release|Any CPU.ActiveCfg = Release|Any CPU
		{12AC0063-C00A-4A33-A64D-FF3B35A322D8}.Release|Any CPU.Build.0 = Release|Any CPU
	EndGlobalSection
	GlobalSection(SolutionProperties) = preSolution
		HideSolutionNode = FALSE
	EndGlobalSection
	GlobalSection(ExtensibilityGlobals) = postSolution
		SolutionGuid = {4F88FE1F-8316-473F-8655-F8A7D97A2E58}
	EndGlobalSection
EndGlobal
